
Microsoft Visual Studio Solution File, Format Version 12.00
# Visual Studio Version 16
VisualStudioVersion = 16.0.31313.79
MinimumVisualStudioVersion = 10.0.40219.1
Project("{00D1A9C2-B5F0-4AF3-8072-F6C62B433612}") = "Database1", "Database1\Database1.sqlproj", "{64950746-B5E7-49C7-BFB9-29DE48177270}"
EndProject
Global
	GlobalSection(SolutionConfigurationPlatforms) = preSolution
		Debug|Any CPU = Debug|Any CPU
		Release|Any CPU = Release|Any CPU
	EndGlobalSection
	GlobalSection(ProjectConfigurationPlatforms) = postSolution
		{64950746-B5E7-49C7-BFB9-29DE48177270}.Debug|Any CPU.ActiveCfg = Debug|Any CPU
		{64950746-B5E7-49C7-BFB9-29DE48177270}.Debug|Any CPU.Build.0 = Debug|Any CPU
		{64950746-B5E7-49C7-BFB9-29DE48177270}.Debug|Any CPU.Deploy.0 = Debug|Any CPU
		{64950746-B5E7-49C7-BFB9-29DE48177270}.Release|Any CPU.ActiveCfg = Release|Any CPU
		{64950746-B5E7-49C7-BFB9-29DE48177270}.Release|Any CPU.Build.0 = Release|Any CPU
		{64950746-B5E7-49C7-BFB9-29DE48177270}.Release|Any CPU.Deploy.0 = Release|Any CPU
	EndGlobalSection
	GlobalSection(SolutionProperties) = preSolution
		HideSolutionNode = FALSE
	EndGlobalSection
	GlobalSection(ExtensibilityGlobals) = postSolution
		SolutionGuid = {AF6F32C6-1EED-43AC-B8DE-FFAFE17B13EF}
	EndGlobalSection
EndGlobal
